// !$*UTF8*$!
{
	archiveVersion = 1;
	classes = {
	};
	objectVersion = 77;
	objects = {

/* Begin PBXBuildFile section */
		0094E8DE918470256661A855 /* JPEGCompressor.swift in Sources */ = {isa = PBXBuildFile; fileRef = 7C9FEA011CB2B447C907A9E7 /* JPEGCompressor.swift */; };
		01A2777BCDA9E4F8EF73050C /* ConversionRouter.swift in Sources */ = {isa = PBXBuildFile; fileRef = A809CF7FC0ED532AAA7730B8 /* ConversionRouter.swift */; };
		08B8EE3855F5EBF1B469C264 /* ConversionRules.swift in Sources */ = {isa = PBXBuildFile; fileRef = 35BFC897E55921B6E671083D /* ConversionRules.swift */; };
		0AB20B562DCBFA4E71D2082E /* sample.jpg in Resources */ = {isa = PBXBuildFile; fileRef = 9CD1D15C04B92C860D805B7B /* sample.jpg */; };
		0BDF8F709709E5FA64038637 /* CommandLineOptions.swift in Sources */ = {isa = PBXBuildFile; fileRef = D0AABDE1F56762AF615FA5BB /* CommandLineOptions.swift */; };
		0FC4D9B04C786E0FEA799135 /* Sparkle.framework in Frameworks */ = {isa = PBXBuildFile; fileRef = 9ABC0043D530A99F25714FBA /* Sparkle.framework */; };
		123CE495C6576D2931722DB4 /* AppIconTests.swift in Sources */ = {isa = PBXBuildFile; fileRef = 90E1E04D602E87FDE7EEFD56 /* AppIconTests.swift */; };
		13EAE1946968FBA19EC63C52 /* ShrinkerProApp.swift in Sources */ = {isa = PBXBuildFile; fileRef = 78F726558EEAF358C05F2810 /* ShrinkerProApp.swift */; };
		16FA48CAAD25DD431D6FA2A1 /* SettingsView.swift in Sources */ = {isa = PBXBuildFile; fileRef = BFEE34F2BFBC26784598E557 /* SettingsView.swift */; };
		1985A21CD28156426340DD87 /* HelperLocator.swift in Sources */ = {isa = PBXBuildFile; fileRef = 3A406B555AEC48D89E569636 /* HelperLocator.swift */; };
		19EB0197E8262C708DF83302 /* SVGCompressor.swift in Sources */ = {isa = PBXBuildFile; fileRef = 2B6DB972EB0A29D8F99CEC0A /* SVGCompressor.swift */; };
		1C35AEE6A5AFC076C06723CE /* CommandLineOptionsTests.swift in Sources */ = {isa = PBXBuildFile; fileRef = 83D685FC3DE0A2BAAD8ECEFE /* CommandLineOptionsTests.swift */; };
		1E2D4909A5B5F5FC567D839D /* CommandLineOptions.swift in Sources */ = {isa = PBXBuildFile; fileRef = D0AABDE1F56762AF615FA5BB /* CommandLineOptions.swift */; };
		21031CE85C935D2A023CE623 /* ContentView.swift in Sources */ = {isa = PBXBuildFile; fileRef = CE14C6A5BCC5FE434FE47D91 /* ContentView.swift */; };
		22D21A7781FD8A12B53A4A55 /* gifsicle in CopyFiles */ = {isa = PBXBuildFile; fileRef = 263B8A2BC248640ED33F4909 /* gifsicle */; };
		2326013EE64E67F887972F66 /* WindowFooterStateTests.swift in Sources */ = {isa = PBXBuildFile; fileRef = 40A9FFFB29CD17ABF868C85C /* WindowFooterStateTests.swift */; };
		284E3764C42342E5EB42CFD6 /* OrientationEndToEndTests.swift in Sources */ = {isa = PBXBuildFile; fileRef = C306A2588F1F8450DB60C1DF /* OrientationEndToEndTests.swift */; };
		2A0F9917704BADFB7BB5DB05 /* SVGCompressorTests.swift in Sources */ = {isa = PBXBuildFile; fileRef = 6C13AD46F460A2BF4997353C /* SVGCompressorTests.swift */; };
		2A3F4614F50EFB9BB4B66971 /* ConversionRules.swift in Sources */ = {isa = PBXBuildFile; fileRef = 35BFC897E55921B6E671083D /* ConversionRules.swift */; };
		335302A7D0F3EC0F9885D8A1 /* ImageIOCompressor.swift in Sources */ = {isa = PBXBuildFile; fileRef = C5F39035410F2539412F44B3 /* ImageIOCompressor.swift */; };
		3819E1A43E05AC1FE86FA8F5 /* SettingsViewTests.swift in Sources */ = {isa = PBXBuildFile; fileRef = E1EC8D24ABE17A3AE800E85B /* SettingsViewTests.swift */; };
		460E8DEADD01DE409101B702 /* cwebp in CopyFiles */ = {isa = PBXBuildFile; fileRef = 9983D36E7D4BFB135F2EDAE9 /* cwebp */; };
		47F913E5F613FB31278F49C0 /* ShrinkEngine.swift in Sources */ = {isa = PBXBuildFile; fileRef = BD56F1B5788CEFC7557AE4BC /* ShrinkEngine.swift */; };
		4BF96C7EC3685DA374EBBE5E /* SessionFormat.swift in Sources */ = {isa = PBXBuildFile; fileRef = CA35105EF39C0C9F5F30D111 /* SessionFormat.swift */; };
		4D1ECC4AE908BBE8F71F3426 /* cjpeg in CopyFiles */ = {isa = PBXBuildFile; fileRef = 3646C9BFD6A853A5F1808BA5 /* cjpeg */; };
		51E630DE114869406FDC6C69 /* ArchitectureGuardTests.swift in Sources */ = {isa = PBXBuildFile; fileRef = 9BC9C1083E3F283B382C542B /* ArchitectureGuardTests.swift */; };
		52143725F917B7361C4AE358 /* ConversionRouter.swift in Sources */ = {isa = PBXBuildFile; fileRef = A809CF7FC0ED532AAA7730B8 /* ConversionRouter.swift */; };
		5429BA6BA44745779DAF7526 /* ResultsListView.swift in Sources */ = {isa = PBXBuildFile; fileRef = 5232B2C18E396786A143A1A1 /* ResultsListView.swift */; };
		55B4473C4E59FE1E5DCAAE16 /* ImageMetadataTests.swift in Sources */ = {isa = PBXBuildFile; fileRef = 9003006CA59558C8A980A68D /* ImageMetadataTests.swift */; };
		57FE10CB6290052C4200925D /* rotated.png in Resources */ = {isa = PBXBuildFile; fileRef = E8DDAE888303B11DC6F33737 /* rotated.png */; };
		6330968BB1C2D515276E94F6 /* SessionFormat.swift in Sources */ = {isa = PBXBuildFile; fileRef = CA35105EF39C0C9F5F30D111 /* SessionFormat.swift */; };
		6373DCB3837F4D90DC462DF2 /* Assets.xcassets in Resources */ = {isa = PBXBuildFile; fileRef = 6A6DDC319EC48D94D1348F1E /* Assets.xcassets */; };
		655A7F94613241BA53A6355A /* SettingsTests.swift in Sources */ = {isa = PBXBuildFile; fileRef = B87BF975FBCD42F8A09342B7 /* SettingsTests.swift */; };
		6649179867B69DF86528CA10 /* rotated.jpg in Resources */ = {isa = PBXBuildFile; fileRef = 9A6D774F0D868C39A6EE7A9A /* rotated.jpg */; };
		69A066FA8C79DD91772515D1 /* GIFCompressor.swift in Sources */ = {isa = PBXBuildFile; fileRef = 7C91008E40D8514FE154E830 /* GIFCompressor.swift */; };
		6A5CE9117346091F9892D457 /* GIFCompressor.swift in Sources */ = {isa = PBXBuildFile; fileRef = 7C91008E40D8514FE154E830 /* GIFCompressor.swift */; };
		6A5F845ECF65CD087B1B9737 /* WindowFooterView.swift in Sources */ = {isa = PBXBuildFile; fileRef = 4443C67185AFF6AF43A44EE8 /* WindowFooterView.swift */; };
		6D0CB9E30E463A3F302FC7DA /* DropZoneViewTests.swift in Sources */ = {isa = PBXBuildFile; fileRef = F038D591C277B4EE70A37E71 /* DropZoneViewTests.swift */; };
		6D45477E056668249E086F4D /* RecentHeaderView.swift in Sources */ = {isa = PBXBuildFile; fileRef = 94ED79F5CDE9B36E0F015B86 /* RecentHeaderView.swift */; };
		6EE709D229A148BE5BF0E523 /* ImageMetadata.swift in Sources */ = {isa = PBXBuildFile; fileRef = FBFCB8DF3EB06A7AAF02F81D /* ImageMetadata.swift */; };
		6F4CCA814E99CE36A1C4E72A /* InputExpander.swift in Sources */ = {isa = PBXBuildFile; fileRef = CB83966F39831CF620170BB8 /* InputExpander.swift */; };
		7156A4F254D54AA5C8AC04CE /* ConversionQuality.swift in Sources */ = {isa = PBXBuildFile; fileRef = 71904D34E88A181BFDDA737B /* ConversionQuality.swift */; };
		72A33C614E8F0EB23B2C2A62 /* InputExpander.swift in Sources */ = {isa = PBXBuildFile; fileRef = CB83966F39831CF620170BB8 /* InputExpander.swift */; };
		739E1A7CB47B9B5D6E841223 /* pngquant in CopyFiles */ = {isa = PBXBuildFile; fileRef = B57885E67958EC4E176FA0D6 /* pngquant */; };
		74282101920904EE7BFC1852 /* WebPCompressor.swift in Sources */ = {isa = PBXBuildFile; fileRef = 07004279A06DE51265D78286 /* WebPCompressor.swift */; };
		76BBE871E35DCCE93A6CC9A9 /* ShrinkEngine.swift in Sources */ = {isa = PBXBuildFile; fileRef = BD56F1B5788CEFC7557AE4BC /* ShrinkEngine.swift */; };
		7702A1923C70A9D3FE8A2EAA /* ShrinkerCLITests.swift in Sources */ = {isa = PBXBuildFile; fileRef = C3C16B8303DCD72108CBAE0E /* ShrinkerCLITests.swift */; };
		7A0E2327EC262EE1B9437A5F /* BinaryCompressorTests.swift in Sources */ = {isa = PBXBuildFile; fileRef = 2B0533AD09F39A4C657D5470 /* BinaryCompressorTests.swift */; };
		7F601BACB4E3F13A6F371544 /* sample.webp in Resources */ = {isa = PBXBuildFile; fileRef = 7C9D3B8C2BE7788A6777CB5B /* sample.webp */; };
		8169113458503A2CC90B3997 /* ResultRowTests.swift in Sources */ = {isa = PBXBuildFile; fileRef = 9C88404756BFD73FF52882F1 /* ResultRowTests.swift */; };
		81ABA20C74E751FBAF8E193B /* ProcessRunner.swift in Sources */ = {isa = PBXBuildFile; fileRef = 8F568456C52DA516FFF6A370 /* ProcessRunner.swift */; };
		820A3F48EB537838B062B277 /* Compressor.swift in Sources */ = {isa = PBXBuildFile; fileRef = F72A971982573DEE45D46F78 /* Compressor.swift */; };
		8716A56F55A44CCF6D0DFFCE /* Sparkle.framework in Embed Frameworks */ = {isa = PBXBuildFile; fileRef = 9ABC0043D530A99F25714FBA /* Sparkle.framework */; settings = {ATTRIBUTES = (RemoveHeadersOnCopy, ); }; };
		873F314255C404BCA7A880F1 /* OutputPathResolverTests.swift in Sources */ = {isa = PBXBuildFile; fileRef = 9B1B86F20B7A7F41EAE8457B /* OutputPathResolverTests.swift */; };
		87DA28043638432B009ECB26 /* Theme.swift in Sources */ = {isa = PBXBuildFile; fileRef = 39BCBD632F05DF7989C8A04D /* Theme.swift */; };
		880AAFBA7B01B69B5FFF9415 /* RecentHeaderFormatterTests.swift in Sources */ = {isa = PBXBuildFile; fileRef = 621DA56AEC38C1D66347522A /* RecentHeaderFormatterTests.swift */; };
		8A819E13F1DB49E8F7117EC2 /* TestDefaults.swift in Sources */ = {isa = PBXBuildFile; fileRef = 185CA54E1B6A5DA9B0669FC6 /* TestDefaults.swift */; };
		8CE7F4E2BB8CB71BD36F53DD /* HelperLocator.swift in Sources */ = {isa = PBXBuildFile; fileRef = 3A406B555AEC48D89E569636 /* HelperLocator.swift */; };
		8DE82E4305B8B28AF166093D /* SVGCompressor.swift in Sources */ = {isa = PBXBuildFile; fileRef = 2B6DB972EB0A29D8F99CEC0A /* SVGCompressor.swift */; };
		907D5F018C3B64D1C02E0466 /* PNGCompressor.swift in Sources */ = {isa = PBXBuildFile; fileRef = 073E1CEBC617A5E4D45405EB /* PNGCompressor.swift */; };
		90FDD250202254565C16A700 /* Compressor.swift in Sources */ = {isa = PBXBuildFile; fileRef = F72A971982573DEE45D46F78 /* Compressor.swift */; };
		93AA256AB71D1C79104D78CB /* OutputPathResolver.swift in Sources */ = {isa = PBXBuildFile; fileRef = EB0375BC09E6D389F98D88E3 /* OutputPathResolver.swift */; };
		93E15F41FC8E0C936E84A114 /* MetadataPolicy.swift in Sources */ = {isa = PBXBuildFile; fileRef = 8A8B79618DE39C4EF21E3B4E /* MetadataPolicy.swift */; };
		93E3FF76B878BDC86236E53B /* ImageMetadata.swift in Sources */ = {isa = PBXBuildFile; fileRef = FBFCB8DF3EB06A7AAF02F81D /* ImageMetadata.swift */; };
		94BA709A0EBA9FFD074A5400 /* ImageIOCompressor.swift in Sources */ = {isa = PBXBuildFile; fileRef = C5F39035410F2539412F44B3 /* ImageIOCompressor.swift */; };
		95433BA9F644EA6DB35ADCC1 /* AppDelegate.swift in Sources */ = {isa = PBXBuildFile; fileRef = 91CDBCEF31B1AFC284C2646A /* AppDelegate.swift */; };
		979FCF940E082EAFC70AE5AC /* ConversionRouterTests.swift in Sources */ = {isa = PBXBuildFile; fileRef = 011F7BDF437C9188056CDC23 /* ConversionRouterTests.swift */; };
		9CA7C1CDCFBE32968E4FDE23 /* OutputPathResolver.swift in Sources */ = {isa = PBXBuildFile; fileRef = EB0375BC09E6D389F98D88E3 /* OutputPathResolver.swift */; };
		9F66ABF2694FC064BAFB2EF3 /* Fixtures in Resources */ = {isa = PBXBuildFile; fileRef = 392C3CB7F625D595D20C6D98 /* Fixtures */; };
		A249391389353F04621333D9 /* sample.avif in Resources */ = {isa = PBXBuildFile; fileRef = 918989D179BF1591001EBA0C /* sample.avif */; };
		A7C769513EA83C56C1DA1242 /* ShrinkEngineTests.swift in Sources */ = {isa = PBXBuildFile; fileRef = 7D71E1DEDF09512C28F79548 /* ShrinkEngineTests.swift */; };
		A844E89DCD62C34081885EAE /* PNGCompressor.swift in Sources */ = {isa = PBXBuildFile; fileRef = 073E1CEBC617A5E4D45405EB /* PNGCompressor.swift */; };
		B04FF6CFAFA17B76B27DF0C0 /* MetadataPolicy.swift in Sources */ = {isa = PBXBuildFile; fileRef = 8A8B79618DE39C4EF21E3B4E /* MetadataPolicy.swift */; };
		B6B5F982D203742A02D0990E /* AppModel.swift in Sources */ = {isa = PBXBuildFile; fileRef = AA21EEE5553B3482D2A1243F /* AppModel.swift */; };
		BA5E851F5C64B54ADAAC0550 /* AppModelTests.swift in Sources */ = {isa = PBXBuildFile; fileRef = 70E1B04A96010CD8B58DA762 /* AppModelTests.swift */; };
		BC6946BC2CFBCDDB09290A33 /* main.swift in Sources */ = {isa = PBXBuildFile; fileRef = 5AD64BD5569308B1FB1CA649 /* main.swift */; };
		C1DD777E845085D4E1CB101B /* ConversionQualityTests.swift in Sources */ = {isa = PBXBuildFile; fileRef = 36322BBD321D20184E0FCA97 /* ConversionQualityTests.swift */; };
		C278B4C13F5D944F2AEABEAB /* WebPCompressor.swift in Sources */ = {isa = PBXBuildFile; fileRef = 07004279A06DE51265D78286 /* WebPCompressor.swift */; };
		C6771D1E76D9A94E16A245CA /* NotificationPermission.swift in Sources */ = {isa = PBXBuildFile; fileRef = CBFE41175586ADA950CBFC2F /* NotificationPermission.swift */; };
		C70E5EC6712F3A61EECC8C62 /* rotated.heic in Resources */ = {isa = PBXBuildFile; fileRef = AA68412103EFCBEF0D2A83A8 /* rotated.heic */; };
		CED8049515EDD35A74524436 /* svgo.jsc.js in Resources */ = {isa = PBXBuildFile; fileRef = 2278B9596D58E5596C2ED816 /* svgo.jsc.js */; };
		D06DE0F2A5779B3156E0974B /* sample.png in Resources */ = {isa = PBXBuildFile; fileRef = 1CC67B1B2208BAC4223305B5 /* sample.png */; };
		D41B7E00FEF0081606026763 /* ShrinkerVersion.swift in Sources */ = {isa = PBXBuildFile; fileRef = 688361C5AF70C92741C4F053 /* ShrinkerVersion.swift */; };
		D89E8A79D0A72B64E2721353 /* sample.svg in Resources */ = {isa = PBXBuildFile; fileRef = 6CBB7CA9653485D03ADF3618 /* sample.svg */; };
		DD00F8A63712DBC2851498B9 /* PillButtonView.swift in Sources */ = {isa = PBXBuildFile; fileRef = 06D7BE05A28FA76357C025A6 /* PillButtonView.swift */; };
		E0266F42FC0816542F9AE143 /* ShrinkerVersion.swift in Sources */ = {isa = PBXBuildFile; fileRef = 688361C5AF70C92741C4F053 /* ShrinkerVersion.swift */; };
		E0A92E1582716E11F2D4D5C3 /* Notifier.swift in Sources */ = {isa = PBXBuildFile; fileRef = AD9F3AF16B0F52C0516B9CA8 /* Notifier.swift */; };
		E2C53FC5A2DAB7B84E4B15F5 /* sample.heic in Resources */ = {isa = PBXBuildFile; fileRef = 8EDD572D87F815504F2D94CC /* sample.heic */; };
		E321E476522F954517684BFD /* IntermediateConversionCompressor.swift in Sources */ = {isa = PBXBuildFile; fileRef = A357E611F9A4E4BA473B43E6 /* IntermediateConversionCompressor.swift */; };
		E6BF8D85EC8963CBD9EBA8CB /* AppUpdater.swift in Sources */ = {isa = PBXBuildFile; fileRef = 288D38C61FE686A6D4A13C74 /* AppUpdater.swift */; };
		E8BDE571440E64242784EB91 /* IntermediateConversionCompressor.swift in Sources */ = {isa = PBXBuildFile; fileRef = A357E611F9A4E4BA473B43E6 /* IntermediateConversionCompressor.swift */; };
		EFA381D3B6601D45E085EAFC /* sample.gif in Resources */ = {isa = PBXBuildFile; fileRef = 8B000EA0AA9638DD461B08F3 /* sample.gif */; };
		F474E2E48F1DD46F33FEF8D0 /* OverwriteGuardTests.swift in Sources */ = {isa = PBXBuildFile; fileRef = 4C009BBF276D6F2E3817F8FA /* OverwriteGuardTests.swift */; };
		FA47E2937402B73992E314F3 /* AppDelegateTests.swift in Sources */ = {isa = PBXBuildFile; fileRef = 5FA95D210D1D36385CDE2B0B /* AppDelegateTests.swift */; };
		FCCB5A65E5E5406EA0B7F458 /* DropZoneView.swift in Sources */ = {isa = PBXBuildFile; fileRef = C5307C0DACDB9622324FBCE5 /* DropZoneView.swift */; };
		FE2847C125DCA5A072E1C7F5 /* Settings.swift in Sources */ = {isa = PBXBuildFile; fileRef = 1E6938C2FA1FF18936B9883B /* Settings.swift */; };
		FEA8D82A9B7C56189CE80505 /* ConversionQuality.swift in Sources */ = {isa = PBXBuildFile; fileRef = 71904D34E88A181BFDDA737B /* ConversionQuality.swift */; };
		FEDA30C163A3176B75D224C8 /* ProcessRunner.swift in Sources */ = {isa = PBXBuildFile; fileRef = 8F568456C52DA516FFF6A370 /* ProcessRunner.swift */; };
		FF0F34CEFF11E65F06480A28 /* JPEGCompressor.swift in Sources */ = {isa = PBXBuildFile; fileRef = 7C9FEA011CB2B447C907A9E7 /* JPEGCompressor.swift */; };
/* End PBXBuildFile section */

/* Begin PBXContainerItemProxy section */
		59428A32199E87CD3B2A62B2 /* PBXContainerItemProxy */ = {
			isa = PBXContainerItemProxy;
			containerPortal = 37772E90A373D53B076EF98B /* Project object */;
			proxyType = 1;
			remoteGlobalIDString = 60595039125E37B2CB4C9B49;
			remoteInfo = ShrinkerPro;
		};
		CE7FA579A48DC4476E79B312 /* PBXContainerItemProxy */ = {
			isa = PBXContainerItemProxy;
			containerPortal = 37772E90A373D53B076EF98B /* Project object */;
			proxyType = 1;
			remoteGlobalIDString = 418BEE3354A10099C83A3A36;
			remoteInfo = shrinker;
		};
/* End PBXContainerItemProxy section */

/* Begin PBXCopyFilesBuildPhase section */
		5BB4CB38935D0169432A5116 /* Embed Frameworks */ = {
			isa = PBXCopyFilesBuildPhase;
			buildActionMask = 2147483647;
			dstPath = "";
			dstSubfolderSpec = 10;
			files = (
				8716A56F55A44CCF6D0DFFCE /* Sparkle.framework in Embed Frameworks */,
			);
			name = "Embed Frameworks";
			runOnlyForDeploymentPostprocessing = 0;
		};
		B1A4973C80D43803F437CBD0 /* CopyFiles */ = {
			isa = PBXCopyFilesBuildPhase;
			buildActionMask = 2147483647;
			dstPath = Contents/Helpers;
			dstSubfolderSpec = 1;
			files = (
				4D1ECC4AE908BBE8F71F3426 /* cjpeg in CopyFiles */,
				460E8DEADD01DE409101B702 /* cwebp in CopyFiles */,
				22D21A7781FD8A12B53A4A55 /* gifsicle in CopyFiles */,
				739E1A7CB47B9B5D6E841223 /* pngquant in CopyFiles */,
			);
			runOnlyForDeploymentPostprocessing = 0;
		};
/* End PBXCopyFilesBuildPhase section */

/* Begin PBXFileReference section */
		011F7BDF437C9188056CDC23 /* ConversionRouterTests.swift */ = {isa = PBXFileReference; lastKnownFileType = sourcecode.swift; path = ConversionRouterTests.swift; sourceTree = "<group>"; };
		06D7BE05A28FA76357C025A6 /* PillButtonView.swift */ = {isa = PBXFileReference; lastKnownFileType = sourcecode.swift; path = PillButtonView.swift; sourceTree = "<group>"; };
		07004279A06DE51265D78286 /* WebPCompressor.swift */ = {isa = PBXFileReference; lastKnownFileType = sourcecode.swift; path = WebPCompressor.swift; sourceTree = "<group>"; };
		073E1CEBC617A5E4D45405EB /* PNGCompressor.swift */ = {isa = PBXFileReference; lastKnownFileType = sourcecode.swift; path = PNGCompressor.swift; sourceTree = "<group>"; };
		185CA54E1B6A5DA9B0669FC6 /* TestDefaults.swift */ = {isa = PBXFileReference; lastKnownFileType = sourcecode.swift; path = TestDefaults.swift; sourceTree = "<group>"; };
		1CC67B1B2208BAC4223305B5 /* sample.png */ = {isa = PBXFileReference; lastKnownFileType = image.png; path = sample.png; sourceTree = "<group>"; };
		1E6938C2FA1FF18936B9883B /* Settings.swift */ = {isa = PBXFileReference; lastKnownFileType = sourcecode.swift; path = Settings.swift; sourceTree = "<group>"; };
		2278B9596D58E5596C2ED816 /* svgo.jsc.js */ = {isa = PBXFileReference; lastKnownFileType = sourcecode.javascript; path = svgo.jsc.js; sourceTree = "<group>"; };
		263B8A2BC248640ED33F4909 /* gifsicle */ = {isa = PBXFileReference; path = gifsicle; sourceTree = "<group>"; };
		288D38C61FE686A6D4A13C74 /* AppUpdater.swift */ = {isa = PBXFileReference; lastKnownFileType = sourcecode.swift; path = AppUpdater.swift; sourceTree = "<group>"; };
		296E1699228D298F25A7C823 /* shrinker */ = {isa = PBXFileReference; includeInIndex = 0; path = shrinker; sourceTree = BUILT_PRODUCTS_DIR; };
		2B0533AD09F39A4C657D5470 /* BinaryCompressorTests.swift */ = {isa = PBXFileReference; lastKnownFileType = sourcecode.swift; path = BinaryCompressorTests.swift; sourceTree = "<group>"; };
		2B6DB972EB0A29D8F99CEC0A /* SVGCompressor.swift */ = {isa = PBXFileReference; lastKnownFileType = sourcecode.swift; path = SVGCompressor.swift; sourceTree = "<group>"; };
		35BFC897E55921B6E671083D /* ConversionRules.swift */ = {isa = PBXFileReference; lastKnownFileType = sourcecode.swift; path = ConversionRules.swift; sourceTree = "<group>"; };
		36322BBD321D20184E0FCA97 /* ConversionQualityTests.swift */ = {isa = PBXFileReference; lastKnownFileType = sourcecode.swift; path = ConversionQualityTests.swift; sourceTree = "<group>"; };
		3646C9BFD6A853A5F1808BA5 /* cjpeg */ = {isa = PBXFileReference; path = cjpeg; sourceTree = "<group>"; };
		392C3CB7F625D595D20C6D98 /* Fixtures */ = {isa = PBXFileReference; lastKnownFileType = folder; name = Fixtures; path = Tests/ShrinkerProTests/Fixtures; sourceTree = SOURCE_ROOT; };
		39BCBD632F05DF7989C8A04D /* Theme.swift */ = {isa = PBXFileReference; lastKnownFileType = sourcecode.swift; path = Theme.swift; sourceTree = "<group>"; };
		3A406B555AEC48D89E569636 /* HelperLocator.swift */ = {isa = PBXFileReference; lastKnownFileType = sourcecode.swift; path = HelperLocator.swift; sourceTree = "<group>"; };
		40A9FFFB29CD17ABF868C85C /* WindowFooterStateTests.swift */ = {isa = PBXFileReference; lastKnownFileType = sourcecode.swift; path = WindowFooterStateTests.swift; sourceTree = "<group>"; };
		4443C67185AFF6AF43A44EE8 /* WindowFooterView.swift */ = {isa = PBXFileReference; lastKnownFileType = sourcecode.swift; path = WindowFooterView.swift; sourceTree = "<group>"; };
		4C009BBF276D6F2E3817F8FA /* OverwriteGuardTests.swift */ = {isa = PBXFileReference; lastKnownFileType = sourcecode.swift; path = OverwriteGuardTests.swift; sourceTree = "<group>"; };
		5232B2C18E396786A143A1A1 /* ResultsListView.swift */ = {isa = PBXFileReference; lastKnownFileType = sourcecode.swift; path = ResultsListView.swift; sourceTree = "<group>"; };
		5AD64BD5569308B1FB1CA649 /* main.swift */ = {isa = PBXFileReference; lastKnownFileType = sourcecode.swift; path = main.swift; sourceTree = "<group>"; };
		5FA95D210D1D36385CDE2B0B /* AppDelegateTests.swift */ = {isa = PBXFileReference; lastKnownFileType = sourcecode.swift; path = AppDelegateTests.swift; sourceTree = "<group>"; };
		621DA56AEC38C1D66347522A /* RecentHeaderFormatterTests.swift */ = {isa = PBXFileReference; lastKnownFileType = sourcecode.swift; path = RecentHeaderFormatterTests.swift; sourceTree = "<group>"; };
		688361C5AF70C92741C4F053 /* ShrinkerVersion.swift */ = {isa = PBXFileReference; lastKnownFileType = sourcecode.swift; path = ShrinkerVersion.swift; sourceTree = "<group>"; };
		6A6DDC319EC48D94D1348F1E /* Assets.xcassets */ = {isa = PBXFileReference; lastKnownFileType = folder.assetcatalog; path = Assets.xcassets; sourceTree = "<group>"; };
		6C13AD46F460A2BF4997353C /* SVGCompressorTests.swift */ = {isa = PBXFileReference; lastKnownFileType = sourcecode.swift; path = SVGCompressorTests.swift; sourceTree = "<group>"; };
		6CBB7CA9653485D03ADF3618 /* sample.svg */ = {isa = PBXFileReference; path = sample.svg; sourceTree = "<group>"; };
		70E1B04A96010CD8B58DA762 /* AppModelTests.swift */ = {isa = PBXFileReference; lastKnownFileType = sourcecode.swift; path = AppModelTests.swift; sourceTree = "<group>"; };
		71904D34E88A181BFDDA737B /* ConversionQuality.swift */ = {isa = PBXFileReference; lastKnownFileType = sourcecode.swift; path = ConversionQuality.swift; sourceTree = "<group>"; };
		78F726558EEAF358C05F2810 /* ShrinkerProApp.swift */ = {isa = PBXFileReference; lastKnownFileType = sourcecode.swift; path = ShrinkerProApp.swift; sourceTree = "<group>"; };
		7C91008E40D8514FE154E830 /* GIFCompressor.swift */ = {isa = PBXFileReference; lastKnownFileType = sourcecode.swift; path = GIFCompressor.swift; sourceTree = "<group>"; };
		7C9D3B8C2BE7788A6777CB5B /* sample.webp */ = {isa = PBXFileReference; path = sample.webp; sourceTree = "<group>"; };
		7C9FEA011CB2B447C907A9E7 /* JPEGCompressor.swift */ = {isa = PBXFileReference; lastKnownFileType = sourcecode.swift; path = JPEGCompressor.swift; sourceTree = "<group>"; };
		7D71E1DEDF09512C28F79548 /* ShrinkEngineTests.swift */ = {isa = PBXFileReference; lastKnownFileType = sourcecode.swift; path = ShrinkEngineTests.swift; sourceTree = "<group>"; };
		83D685FC3DE0A2BAAD8ECEFE /* CommandLineOptionsTests.swift */ = {isa = PBXFileReference; lastKnownFileType = sourcecode.swift; path = CommandLineOptionsTests.swift; sourceTree = "<group>"; };
		8930C540549BD8C652A52EC6 /* ShrinkerProTests.xctest */ = {isa = PBXFileReference; explicitFileType = wrapper.cfbundle; includeInIndex = 0; path = ShrinkerProTests.xctest; sourceTree = BUILT_PRODUCTS_DIR; };
		8A8B79618DE39C4EF21E3B4E /* MetadataPolicy.swift */ = {isa = PBXFileReference; lastKnownFileType = sourcecode.swift; path = MetadataPolicy.swift; sourceTree = "<group>"; };
		8B000EA0AA9638DD461B08F3 /* sample.gif */ = {isa = PBXFileReference; lastKnownFileType = image.gif; path = sample.gif; sourceTree = "<group>"; };
		8EDD572D87F815504F2D94CC /* sample.heic */ = {isa = PBXFileReference; path = sample.heic; sourceTree = "<group>"; };
		8F568456C52DA516FFF6A370 /* ProcessRunner.swift */ = {isa = PBXFileReference; lastKnownFileType = sourcecode.swift; path = ProcessRunner.swift; sourceTree = "<group>"; };
		9003006CA59558C8A980A68D /* ImageMetadataTests.swift */ = {isa = PBXFileReference; lastKnownFileType = sourcecode.swift; path = ImageMetadataTests.swift; sourceTree = "<group>"; };
		90E1E04D602E87FDE7EEFD56 /* AppIconTests.swift */ = {isa = PBXFileReference; lastKnownFileType = sourcecode.swift; path = AppIconTests.swift; sourceTree = "<group>"; };
		918989D179BF1591001EBA0C /* sample.avif */ = {isa = PBXFileReference; path = sample.avif; sourceTree = "<group>"; };
		91CDBCEF31B1AFC284C2646A /* AppDelegate.swift */ = {isa = PBXFileReference; lastKnownFileType = sourcecode.swift; path = AppDelegate.swift; sourceTree = "<group>"; };
		94ED79F5CDE9B36E0F015B86 /* RecentHeaderView.swift */ = {isa = PBXFileReference; lastKnownFileType = sourcecode.swift; path = RecentHeaderView.swift; sourceTree = "<group>"; };
		9983D36E7D4BFB135F2EDAE9 /* cwebp */ = {isa = PBXFileReference; path = cwebp; sourceTree = "<group>"; };
		9A6D774F0D868C39A6EE7A9A /* rotated.jpg */ = {isa = PBXFileReference; lastKnownFileType = image.jpeg; path = rotated.jpg; sourceTree = "<group>"; };
		9ABC0043D530A99F25714FBA /* Sparkle.framework */ = {isa = PBXFileReference; lastKnownFileType = wrapper.framework; name = Sparkle.framework; path = vendor/Sparkle/Sparkle.framework; sourceTree = "<group>"; };
		9B1B86F20B7A7F41EAE8457B /* OutputPathResolverTests.swift */ = {isa = PBXFileReference; lastKnownFileType = sourcecode.swift; path = OutputPathResolverTests.swift; sourceTree = "<group>"; };
		9BC9C1083E3F283B382C542B /* ArchitectureGuardTests.swift */ = {isa = PBXFileReference; lastKnownFileType = sourcecode.swift; path = ArchitectureGuardTests.swift; sourceTree = "<group>"; };
		9C88404756BFD73FF52882F1 /* ResultRowTests.swift */ = {isa = PBXFileReference; lastKnownFileType = sourcecode.swift; path = ResultRowTests.swift; sourceTree = "<group>"; };
		9CD1D15C04B92C860D805B7B /* sample.jpg */ = {isa = PBXFileReference; lastKnownFileType = image.jpeg; path = sample.jpg; sourceTree = "<group>"; };
		A357E611F9A4E4BA473B43E6 /* IntermediateConversionCompressor.swift */ = {isa = PBXFileReference; lastKnownFileType = sourcecode.swift; path = IntermediateConversionCompressor.swift; sourceTree = "<group>"; };
		A809CF7FC0ED532AAA7730B8 /* ConversionRouter.swift */ = {isa = PBXFileReference; lastKnownFileType = sourcecode.swift; path = ConversionRouter.swift; sourceTree = "<group>"; };
		AA21EEE5553B3482D2A1243F /* AppModel.swift */ = {isa = PBXFileReference; lastKnownFileType = sourcecode.swift; path = AppModel.swift; sourceTree = "<group>"; };
		AA68412103EFCBEF0D2A83A8 /* rotated.heic */ = {isa = PBXFileReference; path = rotated.heic; sourceTree = "<group>"; };
		AD9F3AF16B0F52C0516B9CA8 /* Notifier.swift */ = {isa = PBXFileReference; lastKnownFileType = sourcecode.swift; path = Notifier.swift; sourceTree = "<group>"; };
		B188F9CD4DD0724AB1FC78CB /* ShrinkerPro.app */ = {isa = PBXFileReference; explicitFileType = wrapper.application; includeInIndex = 0; path = ShrinkerPro.app; sourceTree = BUILT_PRODUCTS_DIR; };
		B57885E67958EC4E176FA0D6 /* pngquant */ = {isa = PBXFileReference; path = pngquant; sourceTree = "<group>"; };
		B87BF975FBCD42F8A09342B7 /* SettingsTests.swift */ = {isa = PBXFileReference; lastKnownFileType = sourcecode.swift; path = SettingsTests.swift; sourceTree = "<group>"; };
		BD56F1B5788CEFC7557AE4BC /* ShrinkEngine.swift */ = {isa = PBXFileReference; lastKnownFileType = sourcecode.swift; path = ShrinkEngine.swift; sourceTree = "<group>"; };
		BFEE34F2BFBC26784598E557 /* SettingsView.swift */ = {isa = PBXFileReference; lastKnownFileType = sourcecode.swift; path = SettingsView.swift; sourceTree = "<group>"; };
		C306A2588F1F8450DB60C1DF /* OrientationEndToEndTests.swift */ = {isa = PBXFileReference; lastKnownFileType = sourcecode.swift; path = OrientationEndToEndTests.swift; sourceTree = "<group>"; };
		C3C16B8303DCD72108CBAE0E /* ShrinkerCLITests.swift */ = {isa = PBXFileReference; lastKnownFileType = sourcecode.swift; path = ShrinkerCLITests.swift; sourceTree = "<group>"; };
		C5307C0DACDB9622324FBCE5 /* DropZoneView.swift */ = {isa = PBXFileReference; lastKnownFileType = sourcecode.swift; path = DropZoneView.swift; sourceTree = "<group>"; };
		C5F39035410F2539412F44B3 /* ImageIOCompressor.swift */ = {isa = PBXFileReference; lastKnownFileType = sourcecode.swift; path = ImageIOCompressor.swift; sourceTree = "<group>"; };
		CA35105EF39C0C9F5F30D111 /* SessionFormat.swift */ = {isa = PBXFileReference; lastKnownFileType = sourcecode.swift; path = SessionFormat.swift; sourceTree = "<group>"; };
		CB83966F39831CF620170BB8 /* InputExpander.swift */ = {isa = PBXFileReference; lastKnownFileType = sourcecode.swift; path = InputExpander.swift; sourceTree = "<group>"; };
		CBFE41175586ADA950CBFC2F /* NotificationPermission.swift */ = {isa = PBXFileReference; lastKnownFileType = sourcecode.swift; path = NotificationPermission.swift; sourceTree = "<group>"; };
		CE14C6A5BCC5FE434FE47D91 /* ContentView.swift */ = {isa = PBXFileReference; lastKnownFileType = sourcecode.swift; path = ContentView.swift; sourceTree = "<group>"; };
		D0AABDE1F56762AF615FA5BB /* CommandLineOptions.swift */ = {isa = PBXFileReference; lastKnownFileType = sourcecode.swift; path = CommandLineOptions.swift; sourceTree = "<group>"; };
		E1EC8D24ABE17A3AE800E85B /* SettingsViewTests.swift */ = {isa = PBXFileReference; lastKnownFileType = sourcecode.swift; path = SettingsViewTests.swift; sourceTree = "<group>"; };
		E8DDAE888303B11DC6F33737 /* rotated.png */ = {isa = PBXFileReference; lastKnownFileType = image.png; path = rotated.png; sourceTree = "<group>"; };
		EB0375BC09E6D389F98D88E3 /* OutputPathResolver.swift */ = {isa = PBXFileReference; lastKnownFileType = sourcecode.swift; path = OutputPathResolver.swift; sourceTree = "<group>"; };
		F038D591C277B4EE70A37E71 /* DropZoneViewTests.swift */ = {isa = PBXFileReference; lastKnownFileType = sourcecode.swift; path = DropZoneViewTests.swift; sourceTree = "<group>"; };
		F72A971982573DEE45D46F78 /* Compressor.swift */ = {isa = PBXFileReference; lastKnownFileType = sourcecode.swift; path = Compressor.swift; sourceTree = "<group>"; };
		FBFCB8DF3EB06A7AAF02F81D /* ImageMetadata.swift */ = {isa = PBXFileReference; lastKnownFileType = sourcecode.swift; path = ImageMetadata.swift; sourceTree = "<group>"; };
/* End PBXFileReference section */

/* Begin PBXFrameworksBuildPhase section */
		F3301F69457C82265BD17206 /* Frameworks */ = {
			isa = PBXFrameworksBuildPhase;
			buildActionMask = 2147483647;
			files = (
				0FC4D9B04C786E0FEA799135 /* Sparkle.framework in Frameworks */,
			);
			runOnlyForDeploymentPostprocessing = 0;
		};
/* End PBXFrameworksBuildPhase section */

/* Begin PBXGroup section */
		1B4998E1AF76F1DD8238D3D6 /* vendor */ = {
			isa = PBXGroup;
			children = (
				FC8BC2793687F3311346307F /* compressors */,
			);
			path = vendor;
			sourceTree = "<group>";
		};
		2225E7F67A1A01298E2E7616 /* ShrinkerProTests */ = {
			isa = PBXGroup;
			children = (
				5FA95D210D1D36385CDE2B0B /* AppDelegateTests.swift */,
				90E1E04D602E87FDE7EEFD56 /* AppIconTests.swift */,
				70E1B04A96010CD8B58DA762 /* AppModelTests.swift */,
				9BC9C1083E3F283B382C542B /* ArchitectureGuardTests.swift */,
				2B0533AD09F39A4C657D5470 /* BinaryCompressorTests.swift */,
				83D685FC3DE0A2BAAD8ECEFE /* CommandLineOptionsTests.swift */,
				36322BBD321D20184E0FCA97 /* ConversionQualityTests.swift */,
				011F7BDF437C9188056CDC23 /* ConversionRouterTests.swift */,
				F038D591C277B4EE70A37E71 /* DropZoneViewTests.swift */,
				392C3CB7F625D595D20C6D98 /* Fixtures */,
				9003006CA59558C8A980A68D /* ImageMetadataTests.swift */,
				C306A2588F1F8450DB60C1DF /* OrientationEndToEndTests.swift */,
				9B1B86F20B7A7F41EAE8457B /* OutputPathResolverTests.swift */,
				4C009BBF276D6F2E3817F8FA /* OverwriteGuardTests.swift */,
				621DA56AEC38C1D66347522A /* RecentHeaderFormatterTests.swift */,
				9C88404756BFD73FF52882F1 /* ResultRowTests.swift */,
				B87BF975FBCD42F8A09342B7 /* SettingsTests.swift */,
				E1EC8D24ABE17A3AE800E85B /* SettingsViewTests.swift */,
				7D71E1DEDF09512C28F79548 /* ShrinkEngineTests.swift */,
				C3C16B8303DCD72108CBAE0E /* ShrinkerCLITests.swift */,
				6C13AD46F460A2BF4997353C /* SVGCompressorTests.swift */,
				185CA54E1B6A5DA9B0669FC6 /* TestDefaults.swift */,
				40A9FFFB29CD17ABF868C85C /* WindowFooterStateTests.swift */,
				91259620733ECDE9D6E6A369 /* Fixtures */,
			);
			path = ShrinkerProTests;
			sourceTree = "<group>";
		};
		26B15A5A31F5FF52B1825344 /* shrinker */ = {
			isa = PBXGroup;
			children = (
				5AD64BD5569308B1FB1CA649 /* main.swift */,
			);
			path = shrinker;
			sourceTree = "<group>";
		};
		3317738E0A406D45C55A878D /* Sources */ = {
			isa = PBXGroup;
			children = (
				26B15A5A31F5FF52B1825344 /* shrinker */,
				AFE83D519DAD10349C05312F /* ShrinkerPro */,
			);
			path = Sources;
			sourceTree = "<group>";
		};
		3F653A8BE225DE2612F33A7F /* Products */ = {
			isa = PBXGroup;
			children = (
				296E1699228D298F25A7C823 /* shrinker */,
				B188F9CD4DD0724AB1FC78CB /* ShrinkerPro.app */,
				8930C540549BD8C652A52EC6 /* ShrinkerProTests.xctest */,
			);
			name = Products;
			sourceTree = "<group>";
		};
		5814E489A6FF05DDEBCE2E58 /* Core */ = {
			isa = PBXGroup;
			children = (
				288D38C61FE686A6D4A13C74 /* AppUpdater.swift */,
				D0AABDE1F56762AF615FA5BB /* CommandLineOptions.swift */,
				F72A971982573DEE45D46F78 /* Compressor.swift */,
				71904D34E88A181BFDDA737B /* ConversionQuality.swift */,
				A809CF7FC0ED532AAA7730B8 /* ConversionRouter.swift */,
				35BFC897E55921B6E671083D /* ConversionRules.swift */,
				7C91008E40D8514FE154E830 /* GIFCompressor.swift */,
				3A406B555AEC48D89E569636 /* HelperLocator.swift */,
				C5F39035410F2539412F44B3 /* ImageIOCompressor.swift */,
				FBFCB8DF3EB06A7AAF02F81D /* ImageMetadata.swift */,
				CB83966F39831CF620170BB8 /* InputExpander.swift */,
				A357E611F9A4E4BA473B43E6 /* IntermediateConversionCompressor.swift */,
				7C9FEA011CB2B447C907A9E7 /* JPEGCompressor.swift */,
				8A8B79618DE39C4EF21E3B4E /* MetadataPolicy.swift */,
				CBFE41175586ADA950CBFC2F /* NotificationPermission.swift */,
				AD9F3AF16B0F52C0516B9CA8 /* Notifier.swift */,
				EB0375BC09E6D389F98D88E3 /* OutputPathResolver.swift */,
				073E1CEBC617A5E4D45405EB /* PNGCompressor.swift */,
				8F568456C52DA516FFF6A370 /* ProcessRunner.swift */,
				CA35105EF39C0C9F5F30D111 /* SessionFormat.swift */,
				1E6938C2FA1FF18936B9883B /* Settings.swift */,
				BD56F1B5788CEFC7557AE4BC /* ShrinkEngine.swift */,
				688361C5AF70C92741C4F053 /* ShrinkerVersion.swift */,
				2B6DB972EB0A29D8F99CEC0A /* SVGCompressor.swift */,
				07004279A06DE51265D78286 /* WebPCompressor.swift */,
			);
			path = Core;
			sourceTree = "<group>";
		};
		5A3DB601F6A0D790DD104D7A /* Frameworks */ = {
			isa = PBXGroup;
			children = (
				9ABC0043D530A99F25714FBA /* Sparkle.framework */,
			);
			name = Frameworks;
			sourceTree = "<group>";
		};
		74955E4B5E992CBC6DC10BF9 /* Resources */ = {
			isa = PBXGroup;
			children = (
				6A6DDC319EC48D94D1348F1E /* Assets.xcassets */,
				2278B9596D58E5596C2ED816 /* svgo.jsc.js */,
			);
			path = Resources;
			sourceTree = "<group>";
		};
		8236D562507AFC468C04F32A /* Views */ = {
			isa = PBXGroup;
			children = (
				CE14C6A5BCC5FE434FE47D91 /* ContentView.swift */,
				C5307C0DACDB9622324FBCE5 /* DropZoneView.swift */,
				06D7BE05A28FA76357C025A6 /* PillButtonView.swift */,
				94ED79F5CDE9B36E0F015B86 /* RecentHeaderView.swift */,
				5232B2C18E396786A143A1A1 /* ResultsListView.swift */,
				BFEE34F2BFBC26784598E557 /* SettingsView.swift */,
				39BCBD632F05DF7989C8A04D /* Theme.swift */,
				4443C67185AFF6AF43A44EE8 /* WindowFooterView.swift */,
			);
			path = Views;
			sourceTree = "<group>";
		};
		8700E7E583E13BBE9AF4105F = {
			isa = PBXGroup;
			children = (
				3317738E0A406D45C55A878D /* Sources */,
				90DC88614A93F3826ED98149 /* Tests */,
				1B4998E1AF76F1DD8238D3D6 /* vendor */,
				5A3DB601F6A0D790DD104D7A /* Frameworks */,
				3F653A8BE225DE2612F33A7F /* Products */,
			);
			sourceTree = "<group>";
		};
		90DC88614A93F3826ED98149 /* Tests */ = {
			isa = PBXGroup;
			children = (
				2225E7F67A1A01298E2E7616 /* ShrinkerProTests */,
			);
			path = Tests;
			sourceTree = "<group>";
		};
		91259620733ECDE9D6E6A369 /* Fixtures */ = {
			isa = PBXGroup;
			children = (
				AA68412103EFCBEF0D2A83A8 /* rotated.heic */,
				9A6D774F0D868C39A6EE7A9A /* rotated.jpg */,
				E8DDAE888303B11DC6F33737 /* rotated.png */,
				918989D179BF1591001EBA0C /* sample.avif */,
				8B000EA0AA9638DD461B08F3 /* sample.gif */,
				8EDD572D87F815504F2D94CC /* sample.heic */,
				9CD1D15C04B92C860D805B7B /* sample.jpg */,
				1CC67B1B2208BAC4223305B5 /* sample.png */,
				6CBB7CA9653485D03ADF3618 /* sample.svg */,
				7C9D3B8C2BE7788A6777CB5B /* sample.webp */,
			);
			path = Fixtures;
			sourceTree = "<group>";
		};
		AFE83D519DAD10349C05312F /* ShrinkerPro */ = {
			isa = PBXGroup;
			children = (
				91CDBCEF31B1AFC284C2646A /* AppDelegate.swift */,
				AA21EEE5553B3482D2A1243F /* AppModel.swift */,
				78F726558EEAF358C05F2810 /* ShrinkerProApp.swift */,
				5814E489A6FF05DDEBCE2E58 /* Core */,
				74955E4B5E992CBC6DC10BF9 /* Resources */,
				8236D562507AFC468C04F32A /* Views */,
			);
			path = ShrinkerPro;
			sourceTree = "<group>";
		};
		FC8BC2793687F3311346307F /* compressors */ = {
			isa = PBXGroup;
			children = (
				3646C9BFD6A853A5F1808BA5 /* cjpeg */,
				9983D36E7D4BFB135F2EDAE9 /* cwebp */,
				263B8A2BC248640ED33F4909 /* gifsicle */,
				B57885E67958EC4E176FA0D6 /* pngquant */,
			);
			path = compressors;
			sourceTree = "<group>";
		};
/* End PBXGroup section */

/* Begin PBXNativeTarget section */
		24891D8043E53DB91187ADF6 /* ShrinkerProTests */ = {
			isa = PBXNativeTarget;
			buildConfigurationList = 84E8FE13723E1BDD4A4509F4 /* Build configuration list for PBXNativeTarget "ShrinkerProTests" */;
			buildPhases = (
				C496120159B0F35E3FD1E7A5 /* Sources */,
				037C9C524C5E0E74F5343F47 /* Resources */,
			);
			buildRules = (
			);
			dependencies = (
				6AC76AD6ECA2B8C1375C7986 /* PBXTargetDependency */,
				21E698562E5164DA885F9AE3 /* PBXTargetDependency */,
			);
			name = ShrinkerProTests;
			packageProductDependencies = (
			);
			productName = ShrinkerProTests;
			productReference = 8930C540549BD8C652A52EC6 /* ShrinkerProTests.xctest */;
			productType = "com.apple.product-type.bundle.unit-test";
		};
		418BEE3354A10099C83A3A36 /* shrinker */ = {
			isa = PBXNativeTarget;
			buildConfigurationList = 3175F3FBDD84517AF089848D /* Build configuration list for PBXNativeTarget "shrinker" */;
			buildPhases = (
				24ED4D712DF3525A9CEC282B /* Sources */,
			);
			buildRules = (
			);
			dependencies = (
			);
			name = shrinker;
			packageProductDependencies = (
			);
			productName = shrinker;
			productReference = 296E1699228D298F25A7C823 /* shrinker */;
			productType = "com.apple.product-type.tool";
		};
		60595039125E37B2CB4C9B49 /* ShrinkerPro */ = {
			isa = PBXNativeTarget;
			buildConfigurationList = 5E10366D522A5D238A6E380F /* Build configuration list for PBXNativeTarget "ShrinkerPro" */;
			buildPhases = (
				810E027964B9B44763EE1FF6 /* Sources */,
				D9E82C0D14F255008C8A98F9 /* Resources */,
				B1A4973C80D43803F437CBD0 /* CopyFiles */,
				F3301F69457C82265BD17206 /* Frameworks */,
				5BB4CB38935D0169432A5116 /* Embed Frameworks */,
				04E071B85B2A68C9EE8A8680 /* Verify arm64-only architecture gate */,
			);
			buildRules = (
			);
			dependencies = (
			);
			name = ShrinkerPro;
			packageProductDependencies = (
			);
			productName = ShrinkerPro;
			productReference = B188F9CD4DD0724AB1FC78CB /* ShrinkerPro.app */;
			productType = "com.apple.product-type.application";
		};
/* End PBXNativeTarget section */

/* Begin PBXProject section */
		37772E90A373D53B076EF98B /* Project object */ = {
			isa = PBXProject;
			attributes = {
				BuildIndependentTargetsInParallel = YES;
				LastUpgradeCheck = 1430;
				TargetAttributes = {
					24891D8043E53DB91187ADF6 = {
						DevelopmentTeam = LY424U3HLD;
					};
					418BEE3354A10099C83A3A36 = {
						DevelopmentTeam = LY424U3HLD;
						ProvisioningStyle = Manual;
					};
					60595039125E37B2CB4C9B49 = {
						DevelopmentTeam = LY424U3HLD;
						ProvisioningStyle = Manual;
					};
				};
			};
			buildConfigurationList = FEBDD58766CCAD423628B221 /* Build configuration list for PBXProject "ShrinkerPro" */;
			developmentRegion = en;
			hasScannedForEncodings = 0;
			knownRegions = (
				Base,
				en,
			);
			mainGroup = 8700E7E583E13BBE9AF4105F;
			minimizedProjectReferenceProxies = 1;
			preferredProjectObjectVersion = 77;
			productRefGroup = 3F653A8BE225DE2612F33A7F /* Products */;
			projectDirPath = "";
			projectRoot = "";
			targets = (
				60595039125E37B2CB4C9B49 /* ShrinkerPro */,
				24891D8043E53DB91187ADF6 /* ShrinkerProTests */,
				418BEE3354A10099C83A3A36 /* shrinker */,
			);
		};
/* End PBXProject section */

/* Begin PBXResourcesBuildPhase section */
		037C9C524C5E0E74F5343F47 /* Resources */ = {
			isa = PBXResourcesBuildPhase;
			buildActionMask = 2147483647;
			files = (
				9F66ABF2694FC064BAFB2EF3 /* Fixtures in Resources */,
				C70E5EC6712F3A61EECC8C62 /* rotated.heic in Resources */,
				6649179867B69DF86528CA10 /* rotated.jpg in Resources */,
				57FE10CB6290052C4200925D /* rotated.png in Resources */,
				A249391389353F04621333D9 /* sample.avif in Resources */,
				EFA381D3B6601D45E085EAFC /* sample.gif in Resources */,
				E2C53FC5A2DAB7B84E4B15F5 /* sample.heic in Resources */,
				0AB20B562DCBFA4E71D2082E /* sample.jpg in Resources */,
				D06DE0F2A5779B3156E0974B /* sample.png in Resources */,
				D89E8A79D0A72B64E2721353 /* sample.svg in Resources */,
				7F601BACB4E3F13A6F371544 /* sample.webp in Resources */,
			);
			runOnlyForDeploymentPostprocessing = 0;
		};
		D9E82C0D14F255008C8A98F9 /* Resources */ = {
			isa = PBXResourcesBuildPhase;
			buildActionMask = 2147483647;
			files = (
				6373DCB3837F4D90DC462DF2 /* Assets.xcassets in Resources */,
				CED8049515EDD35A74524436 /* svgo.jsc.js in Resources */,
			);
			runOnlyForDeploymentPostprocessing = 0;
		};
/* End PBXResourcesBuildPhase section */

/* Begin PBXShellScriptBuildPhase section */
		04E071B85B2A68C9EE8A8680 /* Verify arm64-only architecture gate */ = {
			isa = PBXShellScriptBuildPhase;
			alwaysOutOfDate = 1;
			buildActionMask = 2147483647;
			files = (
			);
			inputFileListPaths = (
			);
			inputPaths = (
			);
			name = "Verify arm64-only architecture gate";
			outputFileListPaths = (
			);
			outputPaths = (
			);
			runOnlyForDeploymentPostprocessing = 0;
			shellPath = /bin/sh;
			shellScript = "if [ \"${CONFIGURATION}\" != \"Release\" ]; then\n  echo \"note: architecture gate skipped for ${CONFIGURATION} configuration\"\n  exit 0\nfi\n\"${SRCROOT}/scripts/verify-arch.sh\" \"${TARGET_BUILD_DIR}/${WRAPPER_NAME}\"\n";
		};
/* End PBXShellScriptBuildPhase section */

/* Begin PBXSourcesBuildPhase section */
		24ED4D712DF3525A9CEC282B /* Sources */ = {
			isa = PBXSourcesBuildPhase;
			buildActionMask = 2147483647;
			files = (
				1E2D4909A5B5F5FC567D839D /* CommandLineOptions.swift in Sources */,
				90FDD250202254565C16A700 /* Compressor.swift in Sources */,
				FEA8D82A9B7C56189CE80505 /* ConversionQuality.swift in Sources */,
				01A2777BCDA9E4F8EF73050C /* ConversionRouter.swift in Sources */,
				2A3F4614F50EFB9BB4B66971 /* ConversionRules.swift in Sources */,
				6A5CE9117346091F9892D457 /* GIFCompressor.swift in Sources */,
				1985A21CD28156426340DD87 /* HelperLocator.swift in Sources */,
				335302A7D0F3EC0F9885D8A1 /* ImageIOCompressor.swift in Sources */,
				6EE709D229A148BE5BF0E523 /* ImageMetadata.swift in Sources */,
				6F4CCA814E99CE36A1C4E72A /* InputExpander.swift in Sources */,
				E8BDE571440E64242784EB91 /* IntermediateConversionCompressor.swift in Sources */,
				0094E8DE918470256661A855 /* JPEGCompressor.swift in Sources */,
				93E15F41FC8E0C936E84A114 /* MetadataPolicy.swift in Sources */,
				9CA7C1CDCFBE32968E4FDE23 /* OutputPathResolver.swift in Sources */,
				A844E89DCD62C34081885EAE /* PNGCompressor.swift in Sources */,
				FEDA30C163A3176B75D224C8 /* ProcessRunner.swift in Sources */,
				19EB0197E8262C708DF83302 /* SVGCompressor.swift in Sources */,
				6330968BB1C2D515276E94F6 /* SessionFormat.swift in Sources */,
				47F913E5F613FB31278F49C0 /* ShrinkEngine.swift in Sources */,
				D41B7E00FEF0081606026763 /* ShrinkerVersion.swift in Sources */,
				74282101920904EE7BFC1852 /* WebPCompressor.swift in Sources */,
				BC6946BC2CFBCDDB09290A33 /* main.swift in Sources */,
			);
			runOnlyForDeploymentPostprocessing = 0;
		};
		810E027964B9B44763EE1FF6 /* Sources */ = {
			isa = PBXSourcesBuildPhase;
			buildActionMask = 2147483647;
			files = (
				95433BA9F644EA6DB35ADCC1 /* AppDelegate.swift in Sources */,
				B6B5F982D203742A02D0990E /* AppModel.swift in Sources */,
				E6BF8D85EC8963CBD9EBA8CB /* AppUpdater.swift in Sources */,
				0BDF8F709709E5FA64038637 /* CommandLineOptions.swift in Sources */,
				820A3F48EB537838B062B277 /* Compressor.swift in Sources */,
				21031CE85C935D2A023CE623 /* ContentView.swift in Sources */,
				7156A4F254D54AA5C8AC04CE /* ConversionQuality.swift in Sources */,
				52143725F917B7361C4AE358 /* ConversionRouter.swift in Sources */,
				08B8EE3855F5EBF1B469C264 /* ConversionRules.swift in Sources */,
				FCCB5A65E5E5406EA0B7F458 /* DropZoneView.swift in Sources */,
				69A066FA8C79DD91772515D1 /* GIFCompressor.swift in Sources */,
				8CE7F4E2BB8CB71BD36F53DD /* HelperLocator.swift in Sources */,
				94BA709A0EBA9FFD074A5400 /* ImageIOCompressor.swift in Sources */,
				93E3FF76B878BDC86236E53B /* ImageMetadata.swift in Sources */,
				72A33C614E8F0EB23B2C2A62 /* InputExpander.swift in Sources */,
				E321E476522F954517684BFD /* IntermediateConversionCompressor.swift in Sources */,
				FF0F34CEFF11E65F06480A28 /* JPEGCompressor.swift in Sources */,
				B04FF6CFAFA17B76B27DF0C0 /* MetadataPolicy.swift in Sources */,
				C6771D1E76D9A94E16A245CA /* NotificationPermission.swift in Sources */,
				E0A92E1582716E11F2D4D5C3 /* Notifier.swift in Sources */,
				93AA256AB71D1C79104D78CB /* OutputPathResolver.swift in Sources */,
				907D5F018C3B64D1C02E0466 /* PNGCompressor.swift in Sources */,
				DD00F8A63712DBC2851498B9 /* PillButtonView.swift in Sources */,
				81ABA20C74E751FBAF8E193B /* ProcessRunner.swift in Sources */,
				6D45477E056668249E086F4D /* RecentHeaderView.swift in Sources */,
				5429BA6BA44745779DAF7526 /* ResultsListView.swift in Sources */,
				8DE82E4305B8B28AF166093D /* SVGCompressor.swift in Sources */,
				4BF96C7EC3685DA374EBBE5E /* SessionFormat.swift in Sources */,
				FE2847C125DCA5A072E1C7F5 /* Settings.swift in Sources */,
				16FA48CAAD25DD431D6FA2A1 /* SettingsView.swift in Sources */,
				76BBE871E35DCCE93A6CC9A9 /* ShrinkEngine.swift in Sources */,
				13EAE1946968FBA19EC63C52 /* ShrinkerProApp.swift in Sources */,
				E0266F42FC0816542F9AE143 /* ShrinkerVersion.swift in Sources */,
				87DA28043638432B009ECB26 /* Theme.swift in Sources */,
				C278B4C13F5D944F2AEABEAB /* WebPCompressor.swift in Sources */,
				6A5F845ECF65CD087B1B9737 /* WindowFooterView.swift in Sources */,
			);
			runOnlyForDeploymentPostprocessing = 0;
		};
		C496120159B0F35E3FD1E7A5 /* Sources */ = {
			isa = PBXSourcesBuildPhase;
			buildActionMask = 2147483647;
			files = (
				FA47E2937402B73992E314F3 /* AppDelegateTests.swift in Sources */,
				123CE495C6576D2931722DB4 /* AppIconTests.swift in Sources */,
				BA5E851F5C64B54ADAAC0550 /* AppModelTests.swift in Sources */,
				51E630DE114869406FDC6C69 /* ArchitectureGuardTests.swift in Sources */,
				7A0E2327EC262EE1B9437A5F /* BinaryCompressorTests.swift in Sources */,
				1C35AEE6A5AFC076C06723CE /* CommandLineOptionsTests.swift in Sources */,
				C1DD777E845085D4E1CB101B /* ConversionQualityTests.swift in Sources */,
				979FCF940E082EAFC70AE5AC /* ConversionRouterTests.swift in Sources */,
				6D0CB9E30E463A3F302FC7DA /* DropZoneViewTests.swift in Sources */,
				55B4473C4E59FE1E5DCAAE16 /* ImageMetadataTests.swift in Sources */,
				284E3764C42342E5EB42CFD6 /* OrientationEndToEndTests.swift in Sources */,
				873F314255C404BCA7A880F1 /* OutputPathResolverTests.swift in Sources */,
				F474E2E48F1DD46F33FEF8D0 /* OverwriteGuardTests.swift in Sources */,
				880AAFBA7B01B69B5FFF9415 /* RecentHeaderFormatterTests.swift in Sources */,
				8169113458503A2CC90B3997 /* ResultRowTests.swift in Sources */,
				2A0F9917704BADFB7BB5DB05 /* SVGCompressorTests.swift in Sources */,
				655A7F94613241BA53A6355A /* SettingsTests.swift in Sources */,
				3819E1A43E05AC1FE86FA8F5 /* SettingsViewTests.swift in Sources */,
				A7C769513EA83C56C1DA1242 /* ShrinkEngineTests.swift in Sources */,
				7702A1923C70A9D3FE8A2EAA /* ShrinkerCLITests.swift in Sources */,
				8A819E13F1DB49E8F7117EC2 /* TestDefaults.swift in Sources */,
				2326013EE64E67F887972F66 /* WindowFooterStateTests.swift in Sources */,
			);
			runOnlyForDeploymentPostprocessing = 0;
		};
/* End PBXSourcesBuildPhase section */

/* Begin PBXTargetDependency section */
		21E698562E5164DA885F9AE3 /* PBXTargetDependency */ = {
			isa = PBXTargetDependency;
			target = 418BEE3354A10099C83A3A36 /* shrinker */;
			targetProxy = CE7FA579A48DC4476E79B312 /* PBXContainerItemProxy */;
		};
		6AC76AD6ECA2B8C1375C7986 /* PBXTargetDependency */ = {
			isa = PBXTargetDependency;
			target = 60595039125E37B2CB4C9B49 /* ShrinkerPro */;
			targetProxy = 59428A32199E87CD3B2A62B2 /* PBXContainerItemProxy */;
		};
/* End PBXTargetDependency section */

/* Begin XCBuildConfiguration section */
		13833514AFEA4B47FB558D69 /* Debug */ = {
			isa = XCBuildConfiguration;
			buildSettings = {
				ALWAYS_SEARCH_USER_PATHS = NO;
				ARCHS = arm64;
				CLANG_ANALYZER_NONNULL = YES;
				CLANG_ANALYZER_NUMBER_OBJECT_CONVERSION = YES_AGGRESSIVE;
				CLANG_CXX_LANGUAGE_STANDARD = "gnu++14";
				CLANG_CXX_LIBRARY = "libc++";
				CLANG_ENABLE_MODULES = YES;
				CLANG_ENABLE_OBJC_ARC = YES;
				CLANG_ENABLE_OBJC_WEAK = YES;
				CLANG_WARN_BLOCK_CAPTURE_AUTORELEASING = YES;
				CLANG_WARN_BOOL_CONVERSION = YES;
				CLANG_WARN_COMMA = YES;
				CLANG_WARN_CONSTANT_CONVERSION = YES;
				CLANG_WARN_DEPRECATED_OBJC_IMPLEMENTATIONS = YES;
				CLANG_WARN_DIRECT_OBJC_ISA_USAGE = YES_ERROR;
				CLANG_WARN_DOCUMENTATION_COMMENTS = YES;
				CLANG_WARN_EMPTY_BODY = YES;
				CLANG_WARN_ENUM_CONVERSION = YES;
				CLANG_WARN_INFINITE_RECURSION = YES;
				CLANG_WARN_INT_CONVERSION = YES;
				CLANG_WARN_NON_LITERAL_NULL_CONVERSION = YES;
				CLANG_WARN_OBJC_IMPLICIT_RETAIN_SELF = YES;
				CLANG_WARN_OBJC_LITERAL_CONVERSION = YES;
				CLANG_WARN_OBJC_ROOT_CLASS = YES_ERROR;
				CLANG_WARN_QUOTED_INCLUDE_IN_FRAMEWORK_HEADER = YES;
				CLANG_WARN_RANGE_LOOP_ANALYSIS = YES;
				CLANG_WARN_STRICT_PROTOTYPES = YES;
				CLANG_WARN_SUSPICIOUS_MOVE = YES;
				CLANG_WARN_UNGUARDED_AVAILABILITY = YES_AGGRESSIVE;
				CLANG_WARN_UNREACHABLE_CODE = YES;
				CLANG_WARN__DUPLICATE_METHOD_MATCH = YES;
				CODE_SIGN_ENTITLEMENTS = build/entitlements.plist;
				COPY_PHASE_STRIP = NO;
				CURRENT_PROJECT_VERSION = 5;
				DEBUG_INFORMATION_FORMAT = dwarf;
				DEVELOPMENT_TEAM = LY424U3HLD;
				ENABLE_HARDENED_RUNTIME = YES;
				ENABLE_STRICT_OBJC_MSGSEND = YES;
				ENABLE_TESTABILITY = YES;
				EXCLUDED_ARCHS = x86_64;
				GCC_C_LANGUAGE_STANDARD = gnu11;
				GCC_DYNAMIC_NO_PIC = NO;
				GCC_NO_COMMON_BLOCKS = YES;
				GCC_OPTIMIZATION_LEVEL = 0;
				GCC_PREPROCESSOR_DEFINITIONS = (
					"$(inherited)",
					"DEBUG=1",
				);
				GCC_WARN_64_TO_32_BIT_CONVERSION = YES;
				GCC_WARN_ABOUT_RETURN_TYPE = YES_ERROR;
				GCC_WARN_UNDECLARED_SELECTOR = YES;
				GCC_WARN_UNINITIALIZED_AUTOS = YES_AGGRESSIVE;
				GCC_WARN_UNUSED_FUNCTION = YES;
				GCC_WARN_UNUSED_VARIABLE = YES;
				MACOSX_DEPLOYMENT_TARGET = 14.0;
				MARKETING_VERSION = 1.2.0;
				MTL_ENABLE_DEBUG_INFO = INCLUDE_SOURCE;
				MTL_FAST_MATH = YES;
				ONLY_ACTIVE_ARCH = NO;
				PRODUCT_NAME = "$(TARGET_NAME)";
				SDKROOT = macosx;
				SWIFT_ACTIVE_COMPILATION_CONDITIONS = DEBUG;
				SWIFT_OPTIMIZATION_LEVEL = "-Onone";
				SWIFT_VERSION = 6.0;
			};
			name = Debug;
		};
		6AC76D4646523235E8163ED6 /* Debug */ = {
			isa = XCBuildConfiguration;
			buildSettings = {
				BUNDLE_LOADER = "$(TEST_HOST)";
				COMBINE_HIDPI_IMAGES = YES;
				FRAMEWORK_SEARCH_PATHS = (
					"$(inherited)",
					"$(SRCROOT)/vendor/Sparkle",
				);
				GENERATE_INFOPLIST_FILE = YES;
				LD_RUNPATH_SEARCH_PATHS = (
					"$(inherited)",
					"@executable_path/../Frameworks",
					"@loader_path/../Frameworks",
				);
				PRODUCT_BUNDLE_IDENTIFIER = com.eightseven.shrinkerpro.tests;
				SDKROOT = macosx;
				TEST_HOST = "$(BUILT_PRODUCTS_DIR)/Shrinker Pro.app/Contents/MacOS/ShrinkerPro";
			};
			name = Debug;
		};
		6E48D511BD95D89A10D3B63C /* Release */ = {
			isa = XCBuildConfiguration;
			buildSettings = {
				ASSETCATALOG_COMPILER_APPICON_NAME = AppIcon;
				CODE_SIGN_IDENTITY = "Developer ID Application";
				CODE_SIGN_STYLE = Manual;
				COMBINE_HIDPI_IMAGES = YES;
				EXECUTABLE_NAME = ShrinkerPro;
				FRAMEWORK_SEARCH_PATHS = (
					"$(inherited)",
					"$(SRCROOT)/vendor/Sparkle",
					"\"vendor/Sparkle\"",
				);
				INFOPLIST_FILE = Sources/ShrinkerPro/Resources/Info.plist;
				LD_RUNPATH_SEARCH_PATHS = (
					"$(inherited)",
					"@executable_path/../Frameworks",
				);
				PRODUCT_BUNDLE_IDENTIFIER = com.eightseven.shrinkerpro;
				PRODUCT_MODULE_NAME = ShrinkerPro;
				PRODUCT_NAME = "Shrinker Pro";
				SDKROOT = macosx;
			};
			name = Release;
		};
		9BBA5973E73B2CDE27FBDB4A /* Release */ = {
			isa = XCBuildConfiguration;
			buildSettings = {
				CODE_SIGN_IDENTITY = "Developer ID Application";
				CODE_SIGN_STYLE = Manual;
				COMBINE_HIDPI_IMAGES = YES;
				LD_RUNPATH_SEARCH_PATHS = (
					"$(inherited)",
					"@executable_path/../Frameworks",
				);
				PRODUCT_BUNDLE_IDENTIFIER = com.eightseven.shrinker;
				PRODUCT_MODULE_NAME = shrinker;
				PRODUCT_NAME = shrinker;
				SDKROOT = macosx;
			};
			name = Release;
		};
		A668C319915C9E095F7B6337 /* Debug */ = {
			isa = XCBuildConfiguration;
			buildSettings = {
				CODE_SIGN_IDENTITY = "Developer ID Application";
				CODE_SIGN_STYLE = Manual;
				COMBINE_HIDPI_IMAGES = YES;
				LD_RUNPATH_SEARCH_PATHS = (
					"$(inherited)",
					"@executable_path/../Frameworks",
				);
				PRODUCT_BUNDLE_IDENTIFIER = com.eightseven.shrinker;
				PRODUCT_MODULE_NAME = shrinker;
				PRODUCT_NAME = shrinker;
				SDKROOT = macosx;
			};
			name = Debug;
		};
		C3110E831D27FE6FD6128108 /* Release */ = {
			isa = XCBuildConfiguration;
			buildSettings = {
				ALWAYS_SEARCH_USER_PATHS = NO;
				ARCHS = arm64;
				CLANG_ANALYZER_NONNULL = YES;
				CLANG_ANALYZER_NUMBER_OBJECT_CONVERSION = YES_AGGRESSIVE;
				CLANG_CXX_LANGUAGE_STANDARD = "gnu++14";
				CLANG_CXX_LIBRARY = "libc++";
				CLANG_ENABLE_MODULES = YES;
				CLANG_ENABLE_OBJC_ARC = YES;
				CLANG_ENABLE_OBJC_WEAK = YES;
				CLANG_WARN_BLOCK_CAPTURE_AUTORELEASING = YES;
				CLANG_WARN_BOOL_CONVERSION = YES;
				CLANG_WARN_COMMA = YES;
				CLANG_WARN_CONSTANT_CONVERSION = YES;
				CLANG_WARN_DEPRECATED_OBJC_IMPLEMENTATIONS = YES;
				CLANG_WARN_DIRECT_OBJC_ISA_USAGE = YES_ERROR;
				CLANG_WARN_DOCUMENTATION_COMMENTS = YES;
				CLANG_WARN_EMPTY_BODY = YES;
				CLANG_WARN_ENUM_CONVERSION = YES;
				CLANG_WARN_INFINITE_RECURSION = YES;
				CLANG_WARN_INT_CONVERSION = YES;
				CLANG_WARN_NON_LITERAL_NULL_CONVERSION = YES;
				CLANG_WARN_OBJC_IMPLICIT_RETAIN_SELF = YES;
				CLANG_WARN_OBJC_LITERAL_CONVERSION = YES;
				CLANG_WARN_OBJC_ROOT_CLASS = YES_ERROR;
				CLANG_WARN_QUOTED_INCLUDE_IN_FRAMEWORK_HEADER = YES;
				CLANG_WARN_RANGE_LOOP_ANALYSIS = YES;
				CLANG_WARN_STRICT_PROTOTYPES = YES;
				CLANG_WARN_SUSPICIOUS_MOVE = YES;
				CLANG_WARN_UNGUARDED_AVAILABILITY = YES_AGGRESSIVE;
				CLANG_WARN_UNREACHABLE_CODE = YES;
				CLANG_WARN__DUPLICATE_METHOD_MATCH = YES;
				CODE_SIGN_ENTITLEMENTS = build/entitlements.plist;
				COPY_PHASE_STRIP = NO;
				CURRENT_PROJECT_VERSION = 5;
				DEBUG_INFORMATION_FORMAT = "dwarf-with-dsym";
				DEVELOPMENT_TEAM = LY424U3HLD;
				ENABLE_HARDENED_RUNTIME = YES;
				ENABLE_NS_ASSERTIONS = NO;
				ENABLE_STRICT_OBJC_MSGSEND = YES;
				EXCLUDED_ARCHS = x86_64;
				GCC_C_LANGUAGE_STANDARD = gnu11;
				GCC_NO_COMMON_BLOCKS = YES;
				GCC_WARN_64_TO_32_BIT_CONVERSION = YES;
				GCC_WARN_ABOUT_RETURN_TYPE = YES_ERROR;
				GCC_WARN_UNDECLARED_SELECTOR = YES;
				GCC_WARN_UNINITIALIZED_AUTOS = YES_AGGRESSIVE;
				GCC_WARN_UNUSED_FUNCTION = YES;
				GCC_WARN_UNUSED_VARIABLE = YES;
				MACOSX_DEPLOYMENT_TARGET = 14.0;
				MARKETING_VERSION = 1.2.0;
				MTL_ENABLE_DEBUG_INFO = NO;
				MTL_FAST_MATH = YES;
				ONLY_ACTIVE_ARCH = NO;
				PRODUCT_NAME = "$(TARGET_NAME)";
				SDKROOT = macosx;
				SWIFT_COMPILATION_MODE = wholemodule;
				SWIFT_OPTIMIZATION_LEVEL = "-O";
				SWIFT_VERSION = 6.0;
			};
			name = Release;
		};
		DB8D42FF3FBF6532BB330715 /* Debug */ = {
			isa = XCBuildConfiguration;
			buildSettings = {
				ASSETCATALOG_COMPILER_APPICON_NAME = AppIcon;
				CODE_SIGN_IDENTITY = "Developer ID Application";
				CODE_SIGN_STYLE = Manual;
				COMBINE_HIDPI_IMAGES = YES;
				EXECUTABLE_NAME = ShrinkerPro;
				FRAMEWORK_SEARCH_PATHS = (
					"$(inherited)",
					"$(SRCROOT)/vendor/Sparkle",
					"\"vendor/Sparkle\"",
				);
				INFOPLIST_FILE = Sources/ShrinkerPro/Resources/Info.plist;
				LD_RUNPATH_SEARCH_PATHS = (
					"$(inherited)",
					"@executable_path/../Frameworks",
				);
				PRODUCT_BUNDLE_IDENTIFIER = com.eightseven.shrinkerpro;
				PRODUCT_MODULE_NAME = ShrinkerPro;
				PRODUCT_NAME = "Shrinker Pro";
				SDKROOT = macosx;
			};
			name = Debug;
		};
		DCAC27CF3707E3404E9C404A /* Release */ = {
			isa = XCBuildConfiguration;
			buildSettings = {
				BUNDLE_LOADER = "$(TEST_HOST)";
				COMBINE_HIDPI_IMAGES = YES;
				FRAMEWORK_SEARCH_PATHS = (
					"$(inherited)",
					"$(SRCROOT)/vendor/Sparkle",
				);
				GENERATE_INFOPLIST_FILE = YES;
				LD_RUNPATH_SEARCH_PATHS = (
					"$(inherited)",
					"@executable_path/../Frameworks",
					"@loader_path/../Frameworks",
				);
				PRODUCT_BUNDLE_IDENTIFIER = com.eightseven.shrinkerpro.tests;
				SDKROOT = macosx;
				TEST_HOST = "$(BUILT_PRODUCTS_DIR)/Shrinker Pro.app/Contents/MacOS/ShrinkerPro";
			};
			name = Release;
		};
/* End XCBuildConfiguration section */

/* Begin XCConfigurationList section */
		3175F3FBDD84517AF089848D /* Build configuration list for PBXNativeTarget "shrinker" */ = {
			isa = XCConfigurationList;
			buildConfigurations = (
				A668C319915C9E095F7B6337 /* Debug */,
				9BBA5973E73B2CDE27FBDB4A /* Release */,
			);
			defaultConfigurationIsVisible = 0;
			defaultConfigurationName = Debug;
		};
		5E10366D522A5D238A6E380F /* Build configuration list for PBXNativeTarget "ShrinkerPro" */ = {
			isa = XCConfigurationList;
			buildConfigurations = (
				DB8D42FF3FBF6532BB330715 /* Debug */,
				6E48D511BD95D89A10D3B63C /* Release */,
			);
			defaultConfigurationIsVisible = 0;
			defaultConfigurationName = Debug;
		};
		84E8FE13723E1BDD4A4509F4 /* Build configuration list for PBXNativeTarget "ShrinkerProTests" */ = {
			isa = XCConfigurationList;
			buildConfigurations = (
				6AC76D4646523235E8163ED6 /* Debug */,
				DCAC27CF3707E3404E9C404A /* Release */,
			);
			defaultConfigurationIsVisible = 0;
			defaultConfigurationName = Debug;
		};
		FEBDD58766CCAD423628B221 /* Build configuration list for PBXProject "ShrinkerPro" */ = {
			isa = XCConfigurationList;
			buildConfigurations = (
				13833514AFEA4B47FB558D69 /* Debug */,
				C3110E831D27FE6FD6128108 /* Release */,
			);
			defaultConfigurationIsVisible = 0;
			defaultConfigurationName = Debug;
		};
/* End XCConfigurationList section */
	};
	rootObject = 37772E90A373D53B076EF98B /* Project object */;
}
